
Microsoft Visual Studio Solution File, Format Version 11.00
# Visual Studio 2010
Project("{FAE04EC0-301F-11D3-BF4B-00C04F79EFBC}") = "Assembly-CSharp-firstpass", "Assembly-CSharp-firstpass.csproj", "{6A6CE720-C806-7D8E-91D3-D876D6211B2B}"
EndProject
Project("{FAE04EC0-301F-11D3-BF4B-00C04F79EFBC}") = "Assembly-CSharp", "Assembly-CSharp.csproj", "{885A8FF8-FBAB-D32E-6CCD-F1ADF34C0515}"
EndProject
Project("{FAE04EC0-301F-11D3-BF4B-00C04F79EFBC}") = "InputSystem.Samples.Visualizers", "InputSystem.Samples.Visualizers.csproj", "{BA8A51D6-C742-D045-1C12-36504384099F}"
EndProject
Project("{FAE04EC0-301F-11D3-BF4B-00C04F79EFBC}") = "Assembly-CSharp-Editor", "Assembly-CSharp-Editor.csproj", "{1E6296D2-C0C7-F3F4-E20A-1E7CDB3E9169}"
EndProject
Project("{FAE04EC0-301F-11D3-BF4B-00C04F79EFBC}") = "Assembly-CSharp-Editor-firstpass", "Assembly-CSharp-Editor-firstpass.csproj", "{52EE2AFE-F91D-4901-1C8A-2718165B7C5F}"
EndProject
Global
	GlobalSection(SolutionConfigurationPlatforms) = preSolution
		Debug|Any CPU = Debug|Any CPU
		Release|Any CPU = Release|Any CPU
	EndGlobalSection
	GlobalSection(ProjectConfigurationPlatforms) = postSolution
		{6A6CE720-C806-7D8E-91D3-D876D6211B2B}.Debug|Any CPU.ActiveCfg = Debug|Any CPU
		{6A6CE720-C806-7D8E-91D3-D876D6211B2B}.Debug|Any CPU.Build.0 = Debug|Any CPU
		{6A6CE720-C806-7D8E-91D3-D876D6211B2B}.Release|Any CPU.ActiveCfg = Release|Any CPU
		{6A6CE720-C806-7D8E-91D3-D876D6211B2B}.Release|Any CPU.Build.0 = Release|Any CPU
		{885A8FF8-FBAB-D32E-6CCD-F1ADF34C0515}.Debug|Any CPU.ActiveCfg = Debug|Any CPU
		{885A8FF8-FBAB-D32E-6CCD-F1ADF34C0515}.Debug|Any CPU.Build.0 = Debug|Any CPU
		{885A8FF8-FBAB-D32E-6CCD-F1ADF34C0515}.Release|Any CPU.ActiveCfg = Release|Any CPU
		{885A8FF8-FBAB-D32E-6CCD-F1ADF34C0515}.Release|Any CPU.Build.0 = Release|Any CPU
		{BA8A51D6-C742-D045-1C12-36504384099F}.Debug|Any CPU.ActiveCfg = Debug|Any CPU
		{BA8A51D6-C742-D045-1C12-36504384099F}.Debug|Any CPU.Build.0 = Debug|Any CPU
		{BA8A51D6-C742-D045-1C12-36504384099F}.Release|Any CPU.ActiveCfg = Release|Any CPU
		{BA8A51D6-C742-D045-1C12-36504384099F}.Release|Any CPU.Build.0 = Release|Any CPU
		{1E6296D2-C0C7-F3F4-E20A-1E7CDB3E9169}.Debug|Any CPU.ActiveCfg = Debug|Any CPU
		{1E6296D2-C0C7-F3F4-E20A-1E7CDB3E9169}.Debug|Any CPU.Build.0 = Debug|Any CPU
		{1E6296D2-C0C7-F3F4-E20A-1E7CDB3E9169}.Release|Any CPU.ActiveCfg = Release|Any CPU
		{1E6296D2-C0C7-F3F4-E20A-1E7CDB3E9169}.Release|Any CPU.Build.0 = Release|Any CPU
		{52EE2AFE-F91D-4901-1C8A-2718165B7C5F}.Debug|Any CPU.ActiveCfg = Debug|Any CPU
		{52EE2AFE-F91D-4901-1C8A-2718165B7C5F}.Debug|Any CPU.Build.0 = Debug|Any CPU
		{52EE2AFE-F91D-4901-1C8A-2718165B7C5F}.Release|Any CPU.ActiveCfg = Release|Any CPU
		{52EE2AFE-F91D-4901-1C8A-2718165B7C5F}.Release|Any CPU.Build.0 = Release|Any CPU
	EndGlobalSection
	GlobalSection(SolutionProperties) = preSolution
		HideSolutionNode = FALSE
	EndGlobalSection
EndGlobal
